
Microsoft Visual Studio Solution File, Format Version 12.00
# Visual Studio 14
VisualStudioVersion = 14.0.25420.1
MinimumVisualStudioVersion = 10.0.40219.1
Project("{FAE04EC0-301F-11D3-BF4B-00C04F79EFBC}") = "Assignment12Aug", "Assignment12Aug\Assignment12Aug.csproj", "{82192615-0A21-4C5D-9BC4-85B4E46EE4DF}"
EndProject
Project("{FAE04EC0-301F-11D3-BF4B-00C04F79EFBC}") = "Assignment12Aug.Repository", "Assignment12Aug.Repository\Assignment12Aug.Repository.csproj", "{DB37A7B4-D87A-4E6D-9694-FD824FA94FA8}"
EndProject
Project("{FAE04EC0-301F-11D3-BF4B-00C04F79EFBC}") = "Assignment12.Service", "Assignment12.Service\Assignment12.Service.csproj", "{331FC29D-3FA7-426A-8C5B-1D8A2C883204}"
EndProject
Global
	GlobalSection(SolutionConfigurationPlatforms) = preSolution
		Debug|Any CPU = Debug|Any CPU
		Release|Any CPU = Release|Any CPU
	EndGlobalSection
	GlobalSection(ProjectConfigurationPlatforms) = postSolution
		{82192615-0A21-4C5D-9BC4-85B4E46EE4DF}.Debug|Any CPU.ActiveCfg = Debug|Any CPU
		{82192615-0A21-4C5D-9BC4-85B4E46EE4DF}.Debug|Any CPU.Build.0 = Debug|Any CPU
		{82192615-0A21-4C5D-9BC4-85B4E46EE4DF}.Release|Any CPU.ActiveCfg = Release|Any CPU
		{82192615-0A21-4C5D-9BC4-85B4E46EE4DF}.Release|Any CPU.Build.0 = Release|Any CPU
		{DB37A7B4-D87A-4E6D-9694-FD824FA94FA8}.Debug|Any CPU.ActiveCfg = Debug|Any CPU
		{DB37A7B4-D87A-4E6D-9694-FD824FA94FA8}.Debug|Any CPU.Build.0 = Debug|Any CPU
		{DB37A7B4-D87A-4E6D-9694-FD824FA94FA8}.Release|Any CPU.ActiveCfg = Release|Any CPU
		{DB37A7B4-D87A-4E6D-9694-FD824FA94FA8}.Release|Any CPU.Build.0 = Release|Any CPU
		{331FC29D-3FA7-426A-8C5B-1D8A2C883204}.Debug|Any CPU.ActiveCfg = Debug|Any CPU
		{331FC29D-3FA7-426A-8C5B-1D8A2C883204}.Debug|Any CPU.Build.0 = Debug|Any CPU
		{331FC29D-3FA7-426A-8C5B-1D8A2C883204}.Release|Any CPU.ActiveCfg = Release|Any CPU
		{331FC29D-3FA7-426A-8C5B-1D8A2C883204}.Release|Any CPU.Build.0 = Release|Any CPU
	EndGlobalSection
	GlobalSection(SolutionProperties) = preSolution
		HideSolutionNode = FALSE
	EndGlobalSection
EndGlobal
